// !$*UTF8*$!
{
	archiveVersion = 1;
	classes = {
	};
	objectVersion = 50;
	objects = {

/* Begin PBXBuildFile section */
		5C999F31242E4A450091E4C0 /* TransactionTableView.swift in Sources */ = {isa = PBXBuildFile; fileRef = 5C999F30242E4A450091E4C0 /* TransactionTableView.swift */; };
		5C999F3B242E85E50091E4C0 /* Product.swift in Sources */ = {isa = PBXBuildFile; fileRef = 5C999F3A242E85E50091E4C0 /* Product.swift */; };
		5C999F3D242E85EA0091E4C0 /* Rate.swift in Sources */ = {isa = PBXBuildFile; fileRef = 5C999F3C242E85EA0091E4C0 /* Rate.swift */; };
		5C999F3F242E86640091E4C0 /* Currency.swift in Sources */ = {isa = PBXBuildFile; fileRef = 5C999F3E242E86640091E4C0 /* Currency.swift */; };
		5C999F41242EAD3F0091E4C0 /* transactions.plist in Resources */ = {isa = PBXBuildFile; fileRef = 5C999F40242EAD3F0091E4C0 /* transactions.plist */; };
		5C999F43242EADA00091E4C0 /* rates.plist in Resources */ = {isa = PBXBuildFile; fileRef = 5C999F42242EADA00091E4C0 /* rates.plist */; };
		5CA4094E242E3A8C009CA92B /* AppDelegate.swift in Sources */ = {isa = PBXBuildFile; fileRef = 5CA4094D242E3A8C009CA92B /* AppDelegate.swift */; };
		5CA40950242E3A8C009CA92B /* SceneDelegate.swift in Sources */ = {isa = PBXBuildFile; fileRef = 5CA4094F242E3A8C009CA92B /* SceneDelegate.swift */; };
		5CA40952242E3A8C009CA92B /* ProductTableView.swift in Sources */ = {isa = PBXBuildFile; fileRef = 5CA40951242E3A8C009CA92B /* ProductTableView.swift */; };
		5CA40954242E3A90009CA92B /* Assets.xcassets in Resources */ = {isa = PBXBuildFile; fileRef = 5CA40953242E3A90009CA92B /* Assets.xcassets */; };
		5CA40957242E3A90009CA92B /* Preview Assets.xcassets in Resources */ = {isa = PBXBuildFile; fileRef = 5CA40956242E3A90009CA92B /* Preview Assets.xcassets */; };
		5CA4095A242E3A90009CA92B /* LaunchScreen.storyboard in Resources */ = {isa = PBXBuildFile; fileRef = 5CA40958242E3A90009CA92B /* LaunchScreen.storyboard */; };
		5CA40965242E3A90009CA92B /* SovComTestAppTests.swift in Sources */ = {isa = PBXBuildFile; fileRef = 5CA40964242E3A90009CA92B /* SovComTestAppTests.swift */; };
		5CA40970242E3A91009CA92B /* SovComTestAppUITests.swift in Sources */ = {isa = PBXBuildFile; fileRef = 5CA4096F242E3A91009CA92B /* SovComTestAppUITests.swift */; };
/* End PBXBuildFile section */

/* Begin PBXContainerItemProxy section */
		5CA40961242E3A90009CA92B /* PBXContainerItemProxy */ = {
			isa = PBXContainerItemProxy;
			containerPortal = 5CA40942242E3A8C009CA92B /* Project object */;
			proxyType = 1;
			remoteGlobalIDString = 5CA40949242E3A8C009CA92B;
			remoteInfo = SovComTestApp;
		};
		5CA4096C242E3A91009CA92B /* PBXContainerItemProxy */ = {
			isa = PBXContainerItemProxy;
			containerPortal = 5CA40942242E3A8C009CA92B /* Project object */;
			proxyType = 1;
			remoteGlobalIDString = 5CA40949242E3A8C009CA92B;
			remoteInfo = SovComTestApp;
		};
/* End PBXContainerItemProxy section */

/* Begin PBXFileReference section */
		5C999F30242E4A450091E4C0 /* TransactionTableView.swift */ = {isa = PBXFileReference; lastKnownFileType = sourcecode.swift; path = TransactionTableView.swift; sourceTree = "<group>"; };
		5C999F3A242E85E50091E4C0 /* Product.swift */ = {isa = PBXFileReference; lastKnownFileType = sourcecode.swift; path = Product.swift; sourceTree = "<group>"; };
		5C999F3C242E85EA0091E4C0 /* Rate.swift */ = {isa = PBXFileReference; lastKnownFileType = sourcecode.swift; path = Rate.swift; sourceTree = "<group>"; };
		5C999F3E242E86640091E4C0 /* Currency.swift */ = {isa = PBXFileReference; lastKnownFileType = sourcecode.swift; path = Currency.swift; sourceTree = "<group>"; };
		5C999F40242EAD3F0091E4C0 /* transactions.plist */ = {isa = PBXFileReference; fileEncoding = 4; lastKnownFileType = text.plist.xml; path = transactions.plist; sourceTree = "<group>"; };
		5C999F42242EADA00091E4C0 /* rates.plist */ = {isa = PBXFileReference; fileEncoding = 4; lastKnownFileType = text.plist.xml; path = rates.plist; sourceTree = "<group>"; };
		5CA4094A242E3A8C009CA92B /* SovComTestApp.app */ = {isa = PBXFileReference; explicitFileType = wrapper.application; includeInIndex = 0; path = SovComTestApp.app; sourceTree = BUILT_PRODUCTS_DIR; };
		5CA4094D242E3A8C009CA92B /* AppDelegate.swift */ = {isa = PBXFileReference; lastKnownFileType = sourcecode.swift; path = AppDelegate.swift; sourceTree = "<group>"; };
		5CA4094F242E3A8C009CA92B /* SceneDelegate.swift */ = {isa = PBXFileReference; lastKnownFileType = sourcecode.swift; path = SceneDelegate.swift; sourceTree = "<group>"; };
		5CA40951242E3A8C009CA92B /* ProductTableView.swift */ = {isa = PBXFileReference; lastKnownFileType = sourcecode.swift; path = ProductTableView.swift; sourceTree = "<group>"; };
		5CA40953242E3A90009CA92B /* Assets.xcassets */ = {isa = PBXFileReference; lastKnownFileType = folder.assetcatalog; path = Assets.xcassets; sourceTree = "<group>"; };
		5CA40956242E3A90009CA92B /* Preview Assets.xcassets */ = {isa = PBXFileReference; lastKnownFileType = folder.assetcatalog; path = "Preview Assets.xcassets"; sourceTree = "<group>"; };
		5CA40959242E3A90009CA92B /* Base */ = {isa = PBXFileReference; lastKnownFileType = file.storyboard; name = Base; path = Base.lproj/LaunchScreen.storyboard; sourceTree = "<group>"; };
		5CA4095B242E3A90009CA92B /* Info.plist */ = {isa = PBXFileReference; lastKnownFileType = text.plist.xml; path = Info.plist; sourceTree = "<group>"; };
		5CA40960242E3A90009CA92B /* SovComTestAppTests.xctest */ = {isa = PBXFileReference; explicitFileType = wrapper.cfbundle; includeInIndex = 0; path = SovComTestAppTests.xctest; sourceTree = BUILT_PRODUCTS_DIR; };
		5CA40964242E3A90009CA92B /* SovComTestAppTests.swift */ = {isa = PBXFileReference; lastKnownFileType = sourcecode.swift; path = SovComTestAppTests.swift; sourceTree = "<group>"; };
		5CA40966242E3A90009CA92B /* Info.plist */ = {isa = PBXFileReference; lastKnownFileType = text.plist.xml; path = Info.plist; sourceTree = "<group>"; };
		5CA4096B242E3A91009CA92B /* SovComTestAppUITests.xctest */ = {isa = PBXFileReference; explicitFileType = wrapper.cfbundle; includeInIndex = 0; path = SovComTestAppUITests.xctest; sourceTree = BUILT_PRODUCTS_DIR; };
		5CA4096F242E3A91009CA92B /* SovComTestAppUITests.swift */ = {isa = PBXFileReference; lastKnownFileType = sourcecode.swift; path = SovComTestAppUITests.swift; sourceTree = "<group>"; };
		5CA40971242E3A91009CA92B /* Info.plist */ = {isa = PBXFileReference; lastKnownFileType = text.plist.xml; path = Info.plist; sourceTree = "<group>"; };
/* End PBXFileReference section */

/* Begin PBXFrameworksBuildPhase section */
		5CA40947242E3A8C009CA92B /* Frameworks */ = {
			isa = PBXFrameworksBuildPhase;
			buildActionMask = 2147483647;
			files = (
			);
			runOnlyForDeploymentPostprocessing = 0;
		};
		5CA4095D242E3A90009CA92B /* Frameworks */ = {
			isa = PBXFrameworksBuildPhase;
			buildActionMask = 2147483647;
			files = (
			);
			runOnlyForDeploymentPostprocessing = 0;
		};
		5CA40968242E3A91009CA92B /* Frameworks */ = {
			isa = PBXFrameworksBuildPhase;
			buildActionMask = 2147483647;
			files = (
			);
			runOnlyForDeploymentPostprocessing = 0;
		};
/* End PBXFrameworksBuildPhase section */

/* Begin PBXGroup section */
		5C726CD6242E3FB400A75993 /* Model */ = {
			isa = PBXGroup;
			children = (
				5C999F3E242E86640091E4C0 /* Currency.swift */,
				5C999F3A242E85E50091E4C0 /* Product.swift */,
				5C999F3C242E85EA0091E4C0 /* Rate.swift */,
			);
			path = Model;
			sourceTree = "<group>";
		};
		5C726CD8242E3FC600A75993 /* View */ = {
			isa = PBXGroup;
			children = (
				5CA4094F242E3A8C009CA92B /* SceneDelegate.swift */,
				5CA40951242E3A8C009CA92B /* ProductTableView.swift */,
				5C999F30242E4A450091E4C0 /* TransactionTableView.swift */,
			);
			path = View;
			sourceTree = "<group>";
		};
		5C999F32242E56290091E4C0 /* Resources */ = {
			isa = PBXGroup;
			children = (
				5C999F42242EADA00091E4C0 /* rates.plist */,
				5C999F40242EAD3F0091E4C0 /* transactions.plist */,
			);
			path = Resources;
			sourceTree = "<group>";
		};
		5CA40941242E3A8C009CA92B = {
			isa = PBXGroup;
			children = (
				5CA4094C242E3A8C009CA92B /* SovComTestApp */,
				5CA40963242E3A90009CA92B /* SovComTestAppTests */,
				5CA4096E242E3A91009CA92B /* SovComTestAppUITests */,
				5CA4094B242E3A8C009CA92B /* Products */,
			);
			sourceTree = "<group>";
		};
		5CA4094B242E3A8C009CA92B /* Products */ = {
			isa = PBXGroup;
			children = (
				5CA4094A242E3A8C009CA92B /* SovComTestApp.app */,
				5CA40960242E3A90009CA92B /* SovComTestAppTests.xctest */,
				5CA4096B242E3A91009CA92B /* SovComTestAppUITests.xctest */,
			);
			name = Products;
			sourceTree = "<group>";
		};
		5CA4094C242E3A8C009CA92B /* SovComTestApp */ = {
			isa = PBXGroup;
			children = (
				5CA4094D242E3A8C009CA92B /* AppDelegate.swift */,
				5C999F32242E56290091E4C0 /* Resources */,
				5C726CD8242E3FC600A75993 /* View */,
				5C726CD6242E3FB400A75993 /* Model */,
				5CA40953242E3A90009CA92B /* Assets.xcassets */,
				5CA40958242E3A90009CA92B /* LaunchScreen.storyboard */,
				5CA4095B242E3A90009CA92B /* Info.plist */,
				5CA40955242E3A90009CA92B /* Preview Content */,
			);
			path = SovComTestApp;
			sourceTree = "<group>";
		};
		5CA40955242E3A90009CA92B /* Preview Content */ = {
			isa = PBXGroup;
			children = (
				5CA40956242E3A90009CA92B /* Preview Assets.xcassets */,
			);
			path = "Preview Content";
			sourceTree = "<group>";
		};
		5CA40963242E3A90009CA92B /* SovComTestAppTests */ = {
			isa = PBXGroup;
			children = (
				5CA40964242E3A90009CA92B /* SovComTestAppTests.swift */,
				5CA40966242E3A90009CA92B /* Info.plist */,
			);
			path = SovComTestAppTests;
			sourceTree = "<group>";
		};
		5CA4096E242E3A91009CA92B /* SovComTestAppUITests */ = {
			isa = PBXGroup;
			children = (
				5CA4096F242E3A91009CA92B /* SovComTestAppUITests.swift */,
				5CA40971242E3A91009CA92B /* Info.plist */,
			);
			path = SovComTestAppUITests;
			sourceTree = "<group>";
		};
/* End PBXGroup section */

/* Begin PBXNativeTarget section */
		5CA40949242E3A8C009CA92B /* SovComTestApp */ = {
			isa = PBXNativeTarget;
			buildConfigurationList = 5CA40974242E3A91009CA92B /* Build configuration list for PBXNativeTarget "SovComTestApp" */;
			buildPhases = (
				5CA40946242E3A8C009CA92B /* Sources */,
				5CA40947242E3A8C009CA92B /* Frameworks */,
				5CA40948242E3A8C009CA92B /* Resources */,
			);
			buildRules = (
			);
			dependencies = (
			);
			name = SovComTestApp;
			packageProductDependencies = (
			);
			productName = SovComTestApp;
			productReference = 5CA4094A242E3A8C009CA92B /* SovComTestApp.app */;
			productType = "com.apple.product-type.application";
		};
		5CA4095F242E3A90009CA92B /* SovComTestAppTests */ = {
			isa = PBXNativeTarget;
			buildConfigurationList = 5CA40977242E3A91009CA92B /* Build configuration list for PBXNativeTarget "SovComTestAppTests" */;
			buildPhases = (
				5CA4095C242E3A90009CA92B /* Sources */,
				5CA4095D242E3A90009CA92B /* Frameworks */,
				5CA4095E242E3A90009CA92B /* Resources */,
			);
			buildRules = (
			);
			dependencies = (
				5CA40962242E3A90009CA92B /* PBXTargetDependency */,
			);
			name = SovComTestAppTests;
			productName = SovComTestAppTests;
			productReference = 5CA40960242E3A90009CA92B /* SovComTestAppTests.xctest */;
			productType = "com.apple.product-type.bundle.unit-test";
		};
		5CA4096A242E3A91009CA92B /* SovComTestAppUITests */ = {
			isa = PBXNativeTarget;
			buildConfigurationList = 5CA4097A242E3A91009CA92B /* Build configuration list for PBXNativeTarget "SovComTestAppUITests" */;
			buildPhases = (
				5CA40967242E3A91009CA92B /* Sources */,
				5CA40968242E3A91009CA92B /* Frameworks */,
				5CA40969242E3A91009CA92B /* Resources */,
			);
			buildRules = (
			);
			dependencies = (
				5CA4096D242E3A91009CA92B /* PBXTargetDependency */,
			);
			name = SovComTestAppUITests;
			productName = SovComTestAppUITests;
			productReference = 5CA4096B242E3A91009CA92B /* SovComTestAppUITests.xctest */;
			productType = "com.apple.product-type.bundle.ui-testing";
		};
/* End PBXNativeTarget section */

/* Begin PBXProject section */
		5CA40942242E3A8C009CA92B /* Project object */ = {
			isa = PBXProject;
			attributes = {
				LastSwiftUpdateCheck = 1140;
				LastUpgradeCheck = 1140;
				ORGANIZATIONNAME = Yaroslav;
				TargetAttributes = {
					5CA40949242E3A8C009CA92B = {
						CreatedOnToolsVersion = 11.4;
					};
					5CA4095F242E3A90009CA92B = {
						CreatedOnToolsVersion = 11.4;
						TestTargetID = 5CA40949242E3A8C009CA92B;
					};
					5CA4096A242E3A91009CA92B = {
						CreatedOnToolsVersion = 11.4;
						TestTargetID = 5CA40949242E3A8C009CA92B;
					};
				};
			};
			buildConfigurationList = 5CA40945242E3A8C009CA92B /* Build configuration list for PBXProject "SovComTestApp" */;
			compatibilityVersion = "Xcode 9.3";
			developmentRegion = en;
			hasScannedForEncodings = 0;
			knownRegions = (
				en,
				Base,
			);
			mainGroup = 5CA40941242E3A8C009CA92B;
			packageReferences = (
			);
			productRefGroup = 5CA4094B242E3A8C009CA92B /* Products */;
			projectDirPath = "";
			projectRoot = "";
			targets = (
				5CA40949242E3A8C009CA92B /* SovComTestApp */,
				5CA4095F242E3A90009CA92B /* SovComTestAppTests */,
				5CA4096A242E3A91009CA92B /* SovComTestAppUITests */,
			);
		};
/* End PBXProject section */

/* Begin PBXResourcesBuildPhase section */
		5CA40948242E3A8C009CA92B /* Resources */ = {
			isa = PBXResourcesBuildPhase;
			buildActionMask = 2147483647;
			files = (
				5C999F41242EAD3F0091E4C0 /* transactions.plist in Resources */,
				5C999F43242EADA00091E4C0 /* rates.plist in Resources */,
				5CA4095A242E3A90009CA92B /* LaunchScreen.storyboard in Resources */,
				5CA40957242E3A90009CA92B /* Preview Assets.xcassets in Resources */,
				5CA40954242E3A90009CA92B /* Assets.xcassets in Resources */,
			);
			runOnlyForDeploymentPostprocessing = 0;
		};
		5CA4095E242E3A90009CA92B /* Resources */ = {
			isa = PBXResourcesBuildPhase;
			buildActionMask = 2147483647;
			files = (
			);
			runOnlyForDeploymentPostprocessing = 0;
		};
		5CA40969242E3A91009CA92B /* Resources */ = {
			isa = PBXResourcesBuildPhase;
			buildActionMask = 2147483647;
			files = (
			);
			runOnlyForDeploymentPostprocessing = 0;
		};
/* End PBXResourcesBuildPhase section */

/* Begin PBXSourcesBuildPhase section */
		5CA40946242E3A8C009CA92B /* Sources */ = {
			isa = PBXSourcesBuildPhase;
			buildActionMask = 2147483647;
			files = (
				5C999F31242E4A450091E4C0 /* TransactionTableView.swift in Sources */,
				5CA4094E242E3A8C009CA92B /* AppDelegate.swift in Sources */,
				5CA40950242E3A8C009CA92B /* SceneDelegate.swift in Sources */,
				5C999F3D242E85EA0091E4C0 /* Rate.swift in Sources */,
				5C999F3F242E86640091E4C0 /* Currency.swift in Sources */,
				5CA40952242E3A8C009CA92B /* ProductTableView.swift in Sources */,
				5C999F3B242E85E50091E4C0 /* Product.swift in Sources */,
			);
			runOnlyForDeploymentPostprocessing = 0;
		};
		5CA4095C242E3A90009CA92B /* Sources */ = {
			isa = PBXSourcesBuildPhase;
			buildActionMask = 2147483647;
			files = (
				5CA40965242E3A90009CA92B /* SovComTestAppTests.swift in Sources */,
			);
			runOnlyForDeploymentPostprocessing = 0;
		};
		5CA40967242E3A91009CA92B /* Sources */ = {
			isa = PBXSourcesBuildPhase;
			buildActionMask = 2147483647;
			files = (
				5CA40970242E3A91009CA92B /* SovComTestAppUITests.swift in Sources */,
			);
			runOnlyForDeploymentPostprocessing = 0;
		};
/* End PBXSourcesBuildPhase section */

/* Begin PBXTargetDependency section */
		5CA40962242E3A90009CA92B /* PBXTargetDependency */ = {
			isa = PBXTargetDependency;
			target = 5CA40949242E3A8C009CA92B /* SovComTestApp */;
			targetProxy = 5CA40961242E3A90009CA92B /* PBXContainerItemProxy */;
		};
		5CA4096D242E3A91009CA92B /* PBXTargetDependency */ = {
			isa = PBXTargetDependency;
			target = 5CA40949242E3A8C009CA92B /* SovComTestApp */;
			targetProxy = 5CA4096C242E3A91009CA92B /* PBXContainerItemProxy */;
		};
/* End PBXTargetDependency section */

/* Begin PBXVariantGroup section */
		5CA40958242E3A90009CA92B /* LaunchScreen.storyboard */ = {
			isa = PBXVariantGroup;
			children = (
				5CA40959242E3A90009CA92B /* Base */,
			);
			name = LaunchScreen.storyboard;
			sourceTree = "<group>";
		};
/* End PBXVariantGroup section */

/* Begin XCBuildConfiguration section */
		5CA40972242E3A91009CA92B /* Debug */ = {
			isa = XCBuildConfiguration;
			buildSettings = {
				ALWAYS_SEARCH_USER_PATHS = NO;
				CLANG_ANALYZER_NONNULL = YES;
				CLANG_ANALYZER_NUMBER_OBJECT_CONVERSION = YES_AGGRESSIVE;
				CLANG_CXX_LANGUAGE_STANDARD = "gnu++14";
				CLANG_CXX_LIBRARY = "libc++";
				CLANG_ENABLE_MODULES = YES;
				CLANG_ENABLE_OBJC_ARC = YES;
				CLANG_ENABLE_OBJC_WEAK = YES;
				CLANG_WARN_BLOCK_CAPTURE_AUTORELEASING = YES;
				CLANG_WARN_BOOL_CONVERSION = YES;
				CLANG_WARN_COMMA = YES;
				CLANG_WARN_CONSTANT_CONVERSION = YES;
				CLANG_WARN_DEPRECATED_OBJC_IMPLEMENTATIONS = YES;
				CLANG_WARN_DIRECT_OBJC_ISA_USAGE = YES_ERROR;
				CLANG_WARN_DOCUMENTATION_COMMENTS = YES;
				CLANG_WARN_EMPTY_BODY = YES;
				CLANG_WARN_ENUM_CONVERSION = YES;
				CLANG_WARN_INFINITE_RECURSION = YES;
				CLANG_WARN_INT_CONVERSION = YES;
				CLANG_WARN_NON_LITERAL_NULL_CONVERSION = YES;
				CLANG_WARN_OBJC_IMPLICIT_RETAIN_SELF = YES;
				CLANG_WARN_OBJC_LITERAL_CONVERSION = YES;
				CLANG_WARN_OBJC_ROOT_CLASS = YES_ERROR;
				CLANG_WARN_RANGE_LOOP_ANALYSIS = YES;
				CLANG_WARN_STRICT_PROTOTYPES = YES;
				CLANG_WARN_SUSPICIOUS_MOVE = YES;
				CLANG_WARN_UNGUARDED_AVAILABILITY = YES_AGGRESSIVE;
				CLANG_WARN_UNREACHABLE_CODE = YES;
				CLANG_WARN__DUPLICATE_METHOD_MATCH = YES;
				COPY_PHASE_STRIP = NO;
				DEBUG_INFORMATION_FORMAT = dwarf;
				ENABLE_STRICT_OBJC_MSGSEND = YES;
				ENABLE_TESTABILITY = YES;
				GCC_C_LANGUAGE_STANDARD = gnu11;
				GCC_DYNAMIC_NO_PIC = NO;
				GCC_NO_COMMON_BLOCKS = YES;
				GCC_OPTIMIZATION_LEVEL = 0;
				GCC_PREPROCESSOR_DEFINITIONS = (
					"DEBUG=1",
					"$(inherited)",
				);
				GCC_WARN_64_TO_32_BIT_CONVERSION = YES;
				GCC_WARN_ABOUT_RETURN_TYPE = YES_ERROR;
				GCC_WARN_UNDECLARED_SELECTOR = YES;
				GCC_WARN_UNINITIALIZED_AUTOS = YES_AGGRESSIVE;
				GCC_WARN_UNUSED_FUNCTION = YES;
				GCC_WARN_UNUSED_VARIABLE = YES;
				IPHONEOS_DEPLOYMENT_TARGET = 13.0;
				MTL_ENABLE_DEBUG_INFO = INCLUDE_SOURCE;
				MTL_FAST_MATH = YES;
				ONLY_ACTIVE_ARCH = YES;
				SDKROOT = iphoneos;
				SWIFT_ACTIVE_COMPILATION_CONDITIONS = DEBUG;
				SWIFT_OPTIMIZATION_LEVEL = "-Onone";
			};
			name = Debug;
		};
		5CA40973242E3A91009CA92B /* Release */ = {
			isa = XCBuildConfiguration;
			buildSettings = {
				ALWAYS_SEARCH_USER_PATHS = NO;
				CLANG_ANALYZER_NONNULL = YES;
				CLANG_ANALYZER_NUMBER_OBJECT_CONVERSION = YES_AGGRESSIVE;
				CLANG_CXX_LANGUAGE_STANDARD = "gnu++14";
				CLANG_CXX_LIBRARY = "libc++";
				CLANG_ENABLE_MODULES = YES;
				CLANG_ENABLE_OBJC_ARC = YES;
				CLANG_ENABLE_OBJC_WEAK = YES;
				CLANG_WARN_BLOCK_CAPTURE_AUTORELEASING = YES;
				CLANG_WARN_BOOL_CONVERSION = YES;
				CLANG_WARN_COMMA = YES;
				CLANG_WARN_CONSTANT_CONVERSION = YES;
				CLANG_WARN_DEPRECATED_OBJC_IMPLEMENTATIONS = YES;
				CLANG_WARN_DIRECT_OBJC_ISA_USAGE = YES_ERROR;
				CLANG_WARN_DOCUMENTATION_COMMENTS = YES;
				CLANG_WARN_EMPTY_BODY = YES;
				CLANG_WARN_ENUM_CONVERSION = YES;
				CLANG_WARN_INFINITE_RECURSION = YES;
				CLANG_WARN_INT_CONVERSION = YES;
				CLANG_WARN_NON_LITERAL_NULL_CONVERSION = YES;
				CLANG_WARN_OBJC_IMPLICIT_RETAIN_SELF = YES;
				CLANG_WARN_OBJC_LITERAL_CONVERSION = YES;
				CLANG_WARN_OBJC_ROOT_CLASS = YES_ERROR;
				CLANG_WARN_RANGE_LOOP_ANALYSIS = YES;
				CLANG_WARN_STRICT_PROTOTYPES = YES;
				CLANG_WARN_SUSPICIOUS_MOVE = YES;
				CLANG_WARN_UNGUARDED_AVAILABILITY = YES_AGGRESSIVE;
				CLANG_WARN_UNREACHABLE_CODE = YES;
				CLANG_WARN__DUPLICATE_METHOD_MATCH = YES;
				COPY_PHASE_STRIP = NO;
				DEBUG_INFORMATION_FORMAT = "dwarf-with-dsym";
				ENABLE_NS_ASSERTIONS = NO;
				ENABLE_STRICT_OBJC_MSGSEND = YES;
				GCC_C_LANGUAGE_STANDARD = gnu11;
				GCC_NO_COMMON_BLOCKS = YES;
				GCC_WARN_64_TO_32_BIT_CONVERSION = YES;
				GCC_WARN_ABOUT_RETURN_TYPE = YES_ERROR;
				GCC_WARN_UNDECLARED_SELECTOR = YES;
				GCC_WARN_UNINITIALIZED_AUTOS = YES_AGGRESSIVE;
				GCC_WARN_UNUSED_FUNCTION = YES;
				GCC_WARN_UNUSED_VARIABLE = YES;
				IPHONEOS_DEPLOYMENT_TARGET = 13.0;
				MTL_ENABLE_DEBUG_INFO = NO;
				MTL_FAST_MATH = YES;
				SDKROOT = iphoneos;
				SWIFT_COMPILATION_MODE = wholemodule;
				SWIFT_OPTIMIZATION_LEVEL = "-O";
				VALIDATE_PRODUCT = YES;
			};
			name = Release;
		};
		5CA40975242E3A91009CA92B /* Debug */ = {
			isa = XCBuildConfiguration;
			buildSettings = {
				ASSETCATALOG_COMPILER_APPICON_NAME = AppIcon;
				CODE_SIGN_STYLE = Automatic;
				DEVELOPMENT_ASSET_PATHS = "\"SovComTestApp/Preview Content\"";
				DEVELOPMENT_TEAM = 5KNF7B55U4;
				ENABLE_PREVIEWS = YES;
				INFOPLIST_FILE = SovComTestApp/Info.plist;
				LD_RUNPATH_SEARCH_PATHS = (
					"$(inherited)",
					"@executable_path/Frameworks",
				);
				PRODUCT_BUNDLE_IDENTIFIER = ru.neatness.SovComTestApp;
				PRODUCT_NAME = "$(TARGET_NAME)";
				SWIFT_VERSION = 5.0;
				TARGETED_DEVICE_FAMILY = "1,2";
			};
			name = Debug;
		};
		5CA40976242E3A91009CA92B /* Release */ = {
			isa = XCBuildConfiguration;
			buildSettings = {
				ASSETCATALOG_COMPILER_APPICON_NAME = AppIcon;
				CODE_SIGN_STYLE = Automatic;
				DEVELOPMENT_ASSET_PATHS = "\"SovComTestApp/Preview Content\"";
				DEVELOPMENT_TEAM = 5KNF7B55U4;
				ENABLE_PREVIEWS = YES;
				INFOPLIST_FILE = SovComTestApp/Info.plist;
				LD_RUNPATH_SEARCH_PATHS = (
					"$(inherited)",
					"@executable_path/Frameworks",
				);
				PRODUCT_BUNDLE_IDENTIFIER = ru.neatness.SovComTestApp;
				PRODUCT_NAME = "$(TARGET_NAME)";
				SWIFT_VERSION = 5.0;
				TARGETED_DEVICE_FAMILY = "1,2";
			};
			name = Release;
		};
		5CA40978242E3A91009CA92B /* Debug */ = {
			isa = XCBuildConfiguration;
			buildSettings = {
				ALWAYS_EMBED_SWIFT_STANDARD_LIBRARIES = YES;
				BUNDLE_LOADER = "$(TEST_HOST)";
				CODE_SIGN_STYLE = Automatic;
				DEVELOPMENT_TEAM = 5KNF7B55U4;
				INFOPLIST_FILE = SovComTestAppTests/Info.plist;
				IPHONEOS_DEPLOYMENT_TARGET = 13.4;
				LD_RUNPATH_SEARCH_PATHS = (
					"$(inherited)",
					"@executable_path/Frameworks",
					"@loader_path/Frameworks",
				);
				PRODUCT_BUNDLE_IDENTIFIER = ru.neatness.SovComTestAppTests;
				PRODUCT_NAME = "$(TARGET_NAME)";
				SWIFT_VERSION = 5.0;
				TARGETED_DEVICE_FAMILY = "1,2";
				TEST_HOST = "$(BUILT_PRODUCTS_DIR)/SovComTestApp.app/SovComTestApp";
			};
			name = Debug;
		};
		5CA40979242E3A91009CA92B /* Release */ = {
			isa = XCBuildConfiguration;
			buildSettings = {
				ALWAYS_EMBED_SWIFT_STANDARD_LIBRARIES = YES;
				BUNDLE_LOADER = "$(TEST_HOST)";
				CODE_SIGN_STYLE = Automatic;
				DEVELOPMENT_TEAM = 5KNF7B55U4;
				INFOPLIST_FILE = SovComTestAppTests/Info.plist;
				IPHONEOS_DEPLOYMENT_TARGET = 13.4;
				LD_RUNPATH_SEARCH_PATHS = (
					"$(inherited)",
					"@executable_path/Frameworks",
					"@loader_path/Frameworks",
				);
				PRODUCT_BUNDLE_IDENTIFIER = ru.neatness.SovComTestAppTests;
				PRODUCT_NAME = "$(TARGET_NAME)";
				SWIFT_VERSION = 5.0;
				TARGETED_DEVICE_FAMILY = "1,2";
				TEST_HOST = "$(BUILT_PRODUCTS_DIR)/SovComTestApp.app/SovComTestApp";
			};
			name = Release;
		};
		5CA4097B242E3A91009CA92B /* Debug */ = {
			isa = XCBuildConfiguration;
			buildSettings = {
				ALWAYS_EMBED_SWIFT_STANDARD_LIBRARIES = YES;
				CODE_SIGN_STYLE = Automatic;
				DEVELOPMENT_TEAM = 5KNF7B55U4;
				INFOPLIST_FILE = SovComTestAppUITests/Info.plist;
				LD_RUNPATH_SEARCH_PATHS = (
					"$(inherited)",
					"@executable_path/Frameworks",
					"@loader_path/Frameworks",
				);
				PRODUCT_BUNDLE_IDENTIFIER = ru.neatness.SovComTestAppUITests;
				PRODUCT_NAME = "$(TARGET_NAME)";
				SWIFT_VERSION = 5.0;
				TARGETED_DEVICE_FAMILY = "1,2";
				TEST_TARGET_NAME = SovComTestApp;
			};
			name = Debug;
		};
		5CA4097C242E3A91009CA92B /* Release */ = {
			isa = XCBuildConfiguration;
			buildSettings = {
				ALWAYS_EMBED_SWIFT_STANDARD_LIBRARIES = YES;
				CODE_SIGN_STYLE = Automatic;
				DEVELOPMENT_TEAM = 5KNF7B55U4;
				INFOPLIST_FILE = SovComTestAppUITests/Info.plist;
				LD_RUNPATH_SEARCH_PATHS = (
					"$(inherited)",
					"@executable_path/Frameworks",
					"@loader_path/Frameworks",
				);
				PRODUCT_BUNDLE_IDENTIFIER = ru.neatness.SovComTestAppUITests;
				PRODUCT_NAME = "$(TARGET_NAME)";
				SWIFT_VERSION = 5.0;
				TARGETED_DEVICE_FAMILY = "1,2";
				TEST_TARGET_NAME = SovComTestApp;
			};
			name = Release;
		};
/* End XCBuildConfiguration section */

/* Begin XCConfigurationList section */
		5CA40945242E3A8C009CA92B /* Build configuration list for PBXProject "SovComTestApp" */ = {
			isa = XCConfigurationList;
			buildConfigurations = (
				5CA40972242E3A91009CA92B /* Debug */,
				5CA40973242E3A91009CA92B /* Release */,
			);
			defaultConfigurationIsVisible = 0;
			defaultConfigurationName = Release;
		};
		5CA40974242E3A91009CA92B /* Build configuration list for PBXNativeTarget "SovComTestApp" */ = {
			isa = XCConfigurationList;
			buildConfigurations = (
				5CA40975242E3A91009CA92B /* Debug */,
				5CA40976242E3A91009CA92B /* Release */,
			);
			defaultConfigurationIsVisible = 0;
			defaultConfigurationName = Release;
		};
		5CA40977242E3A91009CA92B /* Build configuration list for PBXNativeTarget "SovComTestAppTests" */ = {
			isa = XCConfigurationList;
			buildConfigurations = (
				5CA40978242E3A91009CA92B /* Debug */,
				5CA40979242E3A91009CA92B /* Release */,
			);
			defaultConfigurationIsVisible = 0;
			defaultConfigurationName = Release;
		};
		5CA4097A242E3A91009CA92B /* Build configuration list for PBXNativeTarget "SovComTestAppUITests" */ = {
			isa = XCConfigurationList;
			buildConfigurations = (
				5CA4097B242E3A91009CA92B /* Debug */,
				5CA4097C242E3A91009CA92B /* Release */,
			);
			defaultConfigurationIsVisible = 0;
			defaultConfigurationName = Release;
		};
/* End XCConfigurationList section */
	};
	rootObject = 5CA40942242E3A8C009CA92B /* Project object */;
}
